{
  "name": "assessor",
  "lockfileVersion": 2,
  "requires": true,
  "packages": {
    "": {
      "dependencies": {
        "chart.js": "^3.0.1"
      }
    },
    "node_modules/chart.js": {
      "version": "3.0.1",
      "resolved": "https://registry.npmjs.org/chart.js/-/chart.js-3.0.1.tgz",
      "integrity": "sha512-GR62zMZX8lRCr4Nq60aQ84QpsUYrpm9NWECR+Qu2pouzXqPI4zWHUF2MG/azXnBGn85cHR6tkv7cgY3lX5u9SA=="
    }
  },
  "dependencies": {
    "chart.js": {
      "version": "3.0.1",
      "resolved": "https://registry.npmjs.org/chart.js/-/chart.js-3.0.1.tgz",
      "integrity": "sha512-GR62zMZX8lRCr4Nq60aQ84QpsUYrpm9NWECR+Qu2pouzXqPI4zWHUF2MG/azXnBGn85cHR6tkv7cgY3lX5u9SA=="
    }
  }
}
